hash: 42a32a511ddb3a71ac344d4d996a702dbfe5f656f8dc729947ba5af8c615e99e
updated: 2019-07-27T20:42:30.542184314+02:00
imports:
- name: github.com/fatih/color
  version: 5b77d2a35fb0ede96d138fc9a99f5c9b6aef11b4
- name: github.com/inconshreveable/mousetrap
  version: 76626ae9c91c4f2a10f34cad8ce83ea42c93bb75
- name: github.com/kr/text
  version: e2ffdb16a802fe2bb95e2e35ff34f0e53aeef34f
- name: github.com/mattn/go-colorable
  version: c52ace132bf44798a21f16fdafaaafbf329519e2
- name: github.com/mattn/go-isatty
  version: da60ac76bf7019a8b005f8dd1ad9d1a0e6434155
- name: github.com/spf13/cobra
  version: f2b07da1e2c38d5f12845a4f607e2e1018cbb1f5
- name: github.com/spf13/pflag
  version: 24fa6976df40757dce6aea913e7b81ade90530e1
- name: github.com/tonnerre/golang-pretty
  version: e7fccc03e91bad289b96c21aa3312a220689bdd7
- name: golang.org/x/sys
  version: fc99dfbffb4e5ed5758a37e31dd861afe285406b
  subpackages:
  - unix
testImports: []
